
Microsoft Visual Studio Solution File, Format Version 12.00
Project("{2150E333-8FDC-42A3-9474-1A3956D46DE8}") = "src", "src", "{20812DD7-3EBD-4E1D-9D14-80B465C7461E}"
EndProject
Project("{2150E333-8FDC-42A3-9474-1A3956D46DE8}") = "tests", "tests", "{ED5C2D94-B780-4236-9A26-D02EAD4C21E6}"
EndProject
Project("{FAE04EC0-301F-11D3-BF4B-00C04F79EFBC}") = "Causality.Mud.Core", "src\shared\Causality.Mud.Core\Causality.Mud.Core.csproj", "{2A269205-90A7-4B8D-A938-97802E99042D}"
EndProject
Project("{2150E333-8FDC-42A3-9474-1A3956D46DE8}") = "shared", "shared", "{5681A32B-F050-41C7-8377-992A499B0A8C}"
EndProject
Project("{2150E333-8FDC-42A3-9474-1A3956D46DE8}") = "server", "server", "{571E16E1-A053-483E-ABF8-D33ABAA731A6}"
EndProject
Project("{FAE04EC0-301F-11D3-BF4B-00C04F79EFBC}") = "Causality.Mud.Server", "src\server\Causality.Mud.Server\Causality.Mud.Server.csproj", "{1557ED2B-7CDF-4618-809F-63A93F4F9FEE}"
EndProject
Project("{FAE04EC0-301F-11D3-BF4B-00C04F79EFBC}") = "Causality.Mud.Common", "src\shared\Causality.Mud.Common\Causality.Mud.Common.csproj", "{12B21206-5D2D-4ED5-8D44-5FF8CBCACDF1}"
EndProject
Project("{FAE04EC0-301F-11D3-BF4B-00C04F79EFBC}") = "Causality.Common.Tests", "tests\Causality.Common.Tests\Causality.Common.Tests.csproj", "{6A17F8EE-C01B-4729-8D8E-7E51603966CE}"
EndProject
Global
	GlobalSection(SolutionConfigurationPlatforms) = preSolution
		Debug|Any CPU = Debug|Any CPU
		Release|Any CPU = Release|Any CPU
	EndGlobalSection
	GlobalSection(NestedProjects) = preSolution
		{5681A32B-F050-41C7-8377-992A499B0A8C} = {20812DD7-3EBD-4E1D-9D14-80B465C7461E}
		{2A269205-90A7-4B8D-A938-97802E99042D} = {5681A32B-F050-41C7-8377-992A499B0A8C}
		{571E16E1-A053-483E-ABF8-D33ABAA731A6} = {20812DD7-3EBD-4E1D-9D14-80B465C7461E}
		{1557ED2B-7CDF-4618-809F-63A93F4F9FEE} = {571E16E1-A053-483E-ABF8-D33ABAA731A6}
		{12B21206-5D2D-4ED5-8D44-5FF8CBCACDF1} = {5681A32B-F050-41C7-8377-992A499B0A8C}
		{6A17F8EE-C01B-4729-8D8E-7E51603966CE} = {ED5C2D94-B780-4236-9A26-D02EAD4C21E6}
	EndGlobalSection
	GlobalSection(ProjectConfigurationPlatforms) = postSolution
		{2A269205-90A7-4B8D-A938-97802E99042D}.Debug|Any CPU.ActiveCfg = Debug|Any CPU
		{2A269205-90A7-4B8D-A938-97802E99042D}.Debug|Any CPU.Build.0 = Debug|Any CPU
		{2A269205-90A7-4B8D-A938-97802E99042D}.Release|Any CPU.ActiveCfg = Release|Any CPU
		{2A269205-90A7-4B8D-A938-97802E99042D}.Release|Any CPU.Build.0 = Release|Any CPU
		{1557ED2B-7CDF-4618-809F-63A93F4F9FEE}.Debug|Any CPU.ActiveCfg = Debug|Any CPU
		{1557ED2B-7CDF-4618-809F-63A93F4F9FEE}.Debug|Any CPU.Build.0 = Debug|Any CPU
		{1557ED2B-7CDF-4618-809F-63A93F4F9FEE}.Release|Any CPU.ActiveCfg = Release|Any CPU
		{1557ED2B-7CDF-4618-809F-63A93F4F9FEE}.Release|Any CPU.Build.0 = Release|Any CPU
		{12B21206-5D2D-4ED5-8D44-5FF8CBCACDF1}.Debug|Any CPU.ActiveCfg = Debug|Any CPU
		{12B21206-5D2D-4ED5-8D44-5FF8CBCACDF1}.Debug|Any CPU.Build.0 = Debug|Any CPU
		{12B21206-5D2D-4ED5-8D44-5FF8CBCACDF1}.Release|Any CPU.ActiveCfg = Release|Any CPU
		{12B21206-5D2D-4ED5-8D44-5FF8CBCACDF1}.Release|Any CPU.Build.0 = Release|Any CPU
		{6A17F8EE-C01B-4729-8D8E-7E51603966CE}.Debug|Any CPU.ActiveCfg = Debug|Any CPU
		{6A17F8EE-C01B-4729-8D8E-7E51603966CE}.Debug|Any CPU.Build.0 = Debug|Any CPU
		{6A17F8EE-C01B-4729-8D8E-7E51603966CE}.Release|Any CPU.ActiveCfg = Release|Any CPU
		{6A17F8EE-C01B-4729-8D8E-7E51603966CE}.Release|Any CPU.Build.0 = Release|Any CPU
	EndGlobalSection
EndGlobal
